
Microsoft Visual Studio Solution File, Format Version 12.00
# Visual Studio 15
VisualStudioVersion = 15.0.28010.2046
MinimumVisualStudioVersion = 10.0.40219.1
Project("{F184B08F-C81C-45F6-A57F-5ABD9991F28F}") = "ttspi", "ttspi\ttspi.vbproj", "{8ABAF4D1-FE45-4006-8459-64D6B04C844E}"
EndProject
Global
	GlobalSection(SolutionConfigurationPlatforms) = preSolution
		Debug|Any CPU = Debug|Any CPU
		Release|Any CPU = Release|Any CPU
	EndGlobalSection
	GlobalSection(ProjectConfigurationPlatforms) = postSolution
		{8ABAF4D1-FE45-4006-8459-64D6B04C844E}.Debug|Any CPU.ActiveCfg = Debug|Any CPU
		{8ABAF4D1-FE45-4006-8459-64D6B04C844E}.Debug|Any CPU.Build.0 = Debug|Any CPU
		{8ABAF4D1-FE45-4006-8459-64D6B04C844E}.Release|Any CPU.ActiveCfg = Release|Any CPU
		{8ABAF4D1-FE45-4006-8459-64D6B04C844E}.Release|Any CPU.Build.0 = Release|Any CPU
	EndGlobalSection
	GlobalSection(SolutionProperties) = preSolution
		HideSolutionNode = FALSE
	EndGlobalSection
	GlobalSection(ExtensibilityGlobals) = postSolution
		SolutionGuid = {5ED3DE93-A872-43BB-9C77-83FE4DC00CB2}
	EndGlobalSection
EndGlobal
